{
  "version": 4,
  "terraform_version": "0.12.18",
  "serial": 1,
  "lineage": "59c68c0d-0c44-48d3-5d21-b255a26358ff",
  "outputs": {},
  "resources": [
    {
      "mode": "managed",
      "type": "google_compute_instance",
      "name": "default",
      "provider": "provider.google",
      "instances": [
        {
          "schema_version": 6,
          "attributes": {
            "allow_stopping_for_update": null,
            "attached_disk": [],
            "boot_disk": [
              {
                "auto_delete": true,
                "device_name": "persistent-disk-0",
                "disk_encryption_key_raw": "",
                "disk_encryption_key_sha256": "",
                "initialize_params": [
                  {
                    "image": "https://www.googleapis.com/compute/v1/projects/ubuntu-os-cloud/global/images/ubuntu-1604-xenial-v20200529",
                    "labels": {},
                    "size": 10,
                    "type": "pd-standard"
                  }
                ],
                "kms_key_self_link": "",
                "mode": "READ_WRITE",
                "source": "https://www.googleapis.com/compute/v1/projects/imperial-legacy-232115/zones/us-west1-a/disks/adhoc-vm"
              }
            ],
            "can_ip_forward": false,
            "cpu_platform": "Intel Broadwell",
            "current_status": "RUNNING",
            "deletion_protection": false,
            "description": "",
            "desired_status": null,
            "enable_display": false,
            "guest_accelerator": [],
            "hostname": "",
            "id": "projects/imperial-legacy-232115/zones/us-west1-a/instances/adhoc-vm",
            "instance_id": "2028332478448521116",
            "label_fingerprint": "42WmSpB8rSM=",
            "labels": null,
            "machine_type": "f1-micro",
            "metadata": {
              "ssh-keys": "shukla_chandan64:ssh-rsa AAAAB3NzaC1yc2EAAAADAQABAAABAQDM7P8bdZ/IKhMP5owwR78jftDac+mfoDDZU/xgWsIG/SDfUqsbh0WidH5cCytwSogUP901K1O6lQbA2+ZHrnEPUEWJRARAegaf7Wtkts2VxrKNlUpW+71NeOjoqBygcUKKoP7WOfSZ7dp98zldPsq7zVdY5fGSGswxTxYrfhGGdT9v6/eo/2gySDURNpGi4/Ov6wuB7VLjBd3AGGVsvlVkdjqYuuLFVowjiHIpsc5KGuafoacybk/zQAOhZ0kREl5yTK3r3c4XKvK+iuwIucKTEiVRHusdSXV6RcxmngNHn/NRo0cwDmm94Ym+oiK4/khX7Z7UyD9LPEL8HDENatIj shukla_chandan64@devops-machine\n"
            },
            "metadata_fingerprint": "QSbG8yaG0K4=",
            "metadata_startup_script": "",
            "min_cpu_platform": "",
            "name": "adhoc-vm",
            "network_interface": [
              {
                "access_config": [
                  {
                    "nat_ip": "34.83.52.12",
                    "network_tier": "PREMIUM",
                    "public_ptr_domain_name": ""
                  }
                ],
                "alias_ip_range": [],
                "name": "nic0",
                "network": "https://www.googleapis.com/compute/v1/projects/imperial-legacy-232115/global/networks/default",
                "network_ip": "10.138.0.16",
                "subnetwork": "https://www.googleapis.com/compute/v1/projects/imperial-legacy-232115/regions/us-west1/subnetworks/default",
                "subnetwork_project": "imperial-legacy-232115"
              }
            ],
            "project": "imperial-legacy-232115",
            "resource_policies": null,
            "scheduling": [
              {
                "automatic_restart": true,
                "node_affinities": [],
                "on_host_maintenance": "MIGRATE",
                "preemptible": false
              }
            ],
            "scratch_disk": [],
            "self_link": "https://www.googleapis.com/compute/v1/projects/imperial-legacy-232115/zones/us-west1-a/instances/adhoc-vm",
            "service_account": [],
            "shielded_instance_config": [
              {
                "enable_integrity_monitoring": true,
                "enable_secure_boot": false,
                "enable_vtpm": true
              }
            ],
            "tags": null,
            "tags_fingerprint": "42WmSpB8rSM=",
            "timeouts": null,
            "zone": "us-west1-a"
          },
          "private": "eyJlMmJmYjczMC1lY2FhLTExZTYtOGY4OC0zNDM2M2JjN2M0YzAiOnsiY3JlYXRlIjoxMjAwMDAwMDAwMDAwLCJkZWxldGUiOjEyMDAwMDAwMDAwMDAsInVwZGF0ZSI6MTIwMDAwMDAwMDAwMH0sInNjaGVtYV92ZXJzaW9uIjoiNiJ9"
        }
      ]
    }
  ]
}
